// !$*UTF8*$!
{
	archiveVersion = 1;
	classes = {
	};
	objectVersion = 46;
	objects = {

/* Begin PBXBuildFile section */
		7CC326261DA7CD7A00B6884D /* AppDelegate.swift in Sources */ = {isa = PBXBuildFile; fileRef = 7CC326251DA7CD7A00B6884D /* AppDelegate.swift */; };
		7CC326281DA7CDD000B6884D /* GameModeScene.swift in Sources */ = {isa = PBXBuildFile; fileRef = 7CC326271DA7CDD000B6884D /* GameModeScene.swift */; };
		7CC3262C1DA7CE4400B6884D /* GameScene.swift in Sources */ = {isa = PBXBuildFile; fileRef = 7CC3262B1DA7CE4400B6884D /* GameScene.swift */; };
		7CC3262E1DA7CE9200B6884D /* PauseMenueScene.swift in Sources */ = {isa = PBXBuildFile; fileRef = 7CC3262D1DA7CE9200B6884D /* PauseMenueScene.swift */; };
		7CC326371DA7CF5300B6884D /* GameOverScene.swift in Sources */ = {isa = PBXBuildFile; fileRef = 7CC326311DA7CF5300B6884D /* GameOverScene.swift */; };
		7CC326381DA7CF5300B6884D /* GameScene.sks in Resources */ = {isa = PBXBuildFile; fileRef = 7CC326321DA7CF5300B6884D /* GameScene.sks */; };
		7CC326391DA7CF5300B6884D /* GameViewController.swift in Sources */ = {isa = PBXBuildFile; fileRef = 7CC326331DA7CF5300B6884D /* GameViewController.swift */; };
		7CC3263A1DA7CF5300B6884D /* HighScoreScene.swift in Sources */ = {isa = PBXBuildFile; fileRef = 7CC326341DA7CF5300B6884D /* HighScoreScene.swift */; };
		7CC3263C1DA7CF5300B6884D /* SpecialThanksCreditsScene.swift in Sources */ = {isa = PBXBuildFile; fileRef = 7CC326361DA7CF5300B6884D /* SpecialThanksCreditsScene.swift */; };
		7CC326401DA7CFC200B6884D /* Assets.xcassets in Resources */ = {isa = PBXBuildFile; fileRef = 7CC3263F1DA7CFC200B6884D /* Assets.xcassets */; };
		7CC326471DA7D00500B6884D /* LaunchScreen.storyboard in Resources */ = {isa = PBXBuildFile; fileRef = 7CC326431DA7D00500B6884D /* LaunchScreen.storyboard */; };
		7CC326481DA7D00500B6884D /* Main.storyboard in Resources */ = {isa = PBXBuildFile; fileRef = 7CC326451DA7D00500B6884D /* Main.storyboard */; };
		7CC3264A1DA7D03F00B6884D /* BetaScene.swift in Sources */ = {isa = PBXBuildFile; fileRef = 7CC326491DA7D03F00B6884D /* BetaScene.swift */; };
		7CC3264B1DA7D19A00B6884D /* theBoldFont.ttf in Resources */ = {isa = PBXBuildFile; fileRef = 7CC3263E1DA7CF9D00B6884D /* theBoldFont.ttf */; };
		7CF828341DA7B8F600EAE8C8 /* SpaceMissionReloadedTests.swift in Sources */ = {isa = PBXBuildFile; fileRef = 7CF828331DA7B8F600EAE8C8 /* SpaceMissionReloadedTests.swift */; };
		7CF8283F1DA7B8F600EAE8C8 /* SpaceMissionReloadedUITests.swift in Sources */ = {isa = PBXBuildFile; fileRef = 7CF8283E1DA7B8F600EAE8C8 /* SpaceMissionReloadedUITests.swift */; };
		7CF8284D1DA7B9C300EAE8C8 /* MainMenueScene.swift in Sources */ = {isa = PBXBuildFile; fileRef = 7CF8284C1DA7B9C300EAE8C8 /* MainMenueScene.swift */; };
/* End PBXBuildFile section */

/* Begin PBXContainerItemProxy section */
		7CF828301DA7B8F600EAE8C8 /* PBXContainerItemProxy */ = {
			isa = PBXContainerItemProxy;
			containerPortal = 7CF8280D1DA7B8F600EAE8C8 /* Project object */;
			proxyType = 1;
			remoteGlobalIDString = 7CF828141DA7B8F600EAE8C8;
			remoteInfo = SpaceMissionReloaded;
		};
		7CF8283B1DA7B8F600EAE8C8 /* PBXContainerItemProxy */ = {
			isa = PBXContainerItemProxy;
			containerPortal = 7CF8280D1DA7B8F600EAE8C8 /* Project object */;
			proxyType = 1;
			remoteGlobalIDString = 7CF828141DA7B8F600EAE8C8;
			remoteInfo = SpaceMissionReloaded;
		};
/* End PBXContainerItemProxy section */

/* Begin PBXFileReference section */
		7CC326251DA7CD7A00B6884D /* AppDelegate.swift */ = {isa = PBXFileReference; fileEncoding = 4; lastKnownFileType = sourcecode.swift; path = AppDelegate.swift; sourceTree = "<group>"; };
		7CC326271DA7CDD000B6884D /* GameModeScene.swift */ = {isa = PBXFileReference; fileEncoding = 4; lastKnownFileType = sourcecode.swift; path = GameModeScene.swift; sourceTree = "<group>"; };
		7CC3262B1DA7CE4400B6884D /* GameScene.swift */ = {isa = PBXFileReference; fileEncoding = 4; lastKnownFileType = sourcecode.swift; path = GameScene.swift; sourceTree = "<group>"; };
		7CC3262D1DA7CE9200B6884D /* PauseMenueScene.swift */ = {isa = PBXFileReference; fileEncoding = 4; lastKnownFileType = sourcecode.swift; path = PauseMenueScene.swift; sourceTree = "<group>"; };
		7CC326311DA7CF5300B6884D /* GameOverScene.swift */ = {isa = PBXFileReference; fileEncoding = 4; lastKnownFileType = sourcecode.swift; path = GameOverScene.swift; sourceTree = "<group>"; };
		7CC326321DA7CF5300B6884D /* GameScene.sks */ = {isa = PBXFileReference; lastKnownFileType = file.sks; path = GameScene.sks; sourceTree = "<group>"; };
		7CC326331DA7CF5300B6884D /* GameViewController.swift */ = {isa = PBXFileReference; fileEncoding = 4; lastKnownFileType = sourcecode.swift; path = GameViewController.swift; sourceTree = "<group>"; };
		7CC326341DA7CF5300B6884D /* HighScoreScene.swift */ = {isa = PBXFileReference; fileEncoding = 4; lastKnownFileType = sourcecode.swift; path = HighScoreScene.swift; sourceTree = "<group>"; };
		7CC326351DA7CF5300B6884D /* Info.plist */ = {isa = PBXFileReference; fileEncoding = 4; lastKnownFileType = text.plist.xml; path = Info.plist; sourceTree = "<group>"; };
		7CC326361DA7CF5300B6884D /* SpecialThanksCreditsScene.swift */ = {isa = PBXFileReference; fileEncoding = 4; lastKnownFileType = sourcecode.swift; path = SpecialThanksCreditsScene.swift; sourceTree = "<group>"; };
		7CC3263E1DA7CF9D00B6884D /* theBoldFont.ttf */ = {isa = PBXFileReference; lastKnownFileType = file; path = theBoldFont.ttf; sourceTree = "<group>"; };
		7CC3263F1DA7CFC200B6884D /* Assets.xcassets */ = {isa = PBXFileReference; lastKnownFileType = folder.assetcatalog; path = Assets.xcassets; sourceTree = "<group>"; };
		7CC326441DA7D00500B6884D /* Base */ = {isa = PBXFileReference; lastKnownFileType = file.storyboard; name = Base; path = LaunchScreen.storyboard; sourceTree = "<group>"; };
		7CC326461DA7D00500B6884D /* Base */ = {isa = PBXFileReference; lastKnownFileType = file.storyboard; name = Base; path = Main.storyboard; sourceTree = "<group>"; };
		7CC326491DA7D03F00B6884D /* BetaScene.swift */ = {isa = PBXFileReference; fileEncoding = 4; lastKnownFileType = sourcecode.swift; path = BetaScene.swift; sourceTree = "<group>"; };
		7CF828151DA7B8F600EAE8C8 /* SpaceMissionReloaded.app */ = {isa = PBXFileReference; explicitFileType = wrapper.application; includeInIndex = 0; path = SpaceMissionReloaded.app; sourceTree = BUILT_PRODUCTS_DIR; };
		7CF8282F1DA7B8F600EAE8C8 /* SpaceMissionReloadedTests.xctest */ = {isa = PBXFileReference; explicitFileType = wrapper.cfbundle; includeInIndex = 0; path = SpaceMissionReloadedTests.xctest; sourceTree = BUILT_PRODUCTS_DIR; };
		7CF828331DA7B8F600EAE8C8 /* SpaceMissionReloadedTests.swift */ = {isa = PBXFileReference; lastKnownFileType = sourcecode.swift; path = SpaceMissionReloadedTests.swift; sourceTree = "<group>"; };
		7CF828351DA7B8F600EAE8C8 /* Info.plist */ = {isa = PBXFileReference; lastKnownFileType = text.plist.xml; path = Info.plist; sourceTree = "<group>"; };
		7CF8283A1DA7B8F600EAE8C8 /* SpaceMissionReloadedUITests.xctest */ = {isa = PBXFileReference; explicitFileType = wrapper.cfbundle; includeInIndex = 0; path = SpaceMissionReloadedUITests.xctest; sourceTree = BUILT_PRODUCTS_DIR; };
		7CF8283E1DA7B8F600EAE8C8 /* SpaceMissionReloadedUITests.swift */ = {isa = PBXFileReference; lastKnownFileType = sourcecode.swift; path = SpaceMissionReloadedUITests.swift; sourceTree = "<group>"; };
		7CF828401DA7B8F600EAE8C8 /* Info.plist */ = {isa = PBXFileReference; lastKnownFileType = text.plist.xml; path = Info.plist; sourceTree = "<group>"; };
		7CF8284C1DA7B9C300EAE8C8 /* MainMenueScene.swift */ = {isa = PBXFileReference; fileEncoding = 4; lastKnownFileType = sourcecode.swift; path = MainMenueScene.swift; sourceTree = "<group>"; };
/* End PBXFileReference section */

/* Begin PBXFrameworksBuildPhase section */
		7CF828121DA7B8F600EAE8C8 /* Frameworks */ = {
			isa = PBXFrameworksBuildPhase;
			buildActionMask = 2147483647;
			files = (
			);
			runOnlyForDeploymentPostprocessing = 0;
		};
		7CF8282C1DA7B8F600EAE8C8 /* Frameworks */ = {
			isa = PBXFrameworksBuildPhase;
			buildActionMask = 2147483647;
			files = (
			);
			runOnlyForDeploymentPostprocessing = 0;
		};
		7CF828371DA7B8F600EAE8C8 /* Frameworks */ = {
			isa = PBXFrameworksBuildPhase;
			buildActionMask = 2147483647;
			files = (
			);
			runOnlyForDeploymentPostprocessing = 0;
		};
/* End PBXFrameworksBuildPhase section */

/* Begin PBXGroup section */
		7CC326241DA7CD4E00B6884D /* Scenes */ = {
			isa = PBXGroup;
			children = (
				7CF8284C1DA7B9C300EAE8C8 /* MainMenueScene.swift */,
				7CC326271DA7CDD000B6884D /* GameModeScene.swift */,
				7CC3262B1DA7CE4400B6884D /* GameScene.swift */,
				7CC326491DA7D03F00B6884D /* BetaScene.swift */,
				7CC3262D1DA7CE9200B6884D /* PauseMenueScene.swift */,
				7CC326311DA7CF5300B6884D /* GameOverScene.swift */,
				7CC326341DA7CF5300B6884D /* HighScoreScene.swift */,
				7CC326361DA7CF5300B6884D /* SpecialThanksCreditsScene.swift */,
			);
			name = Scenes;
			sourceTree = "<group>";
		};
		7CC3263D1DA7CF8400B6884D /* Fonts */ = {
			isa = PBXGroup;
			children = (
				7CC3263E1DA7CF9D00B6884D /* theBoldFont.ttf */,
			);
			name = Fonts;
			sourceTree = "<group>";
		};
		7CC326411DA7CFCB00B6884D /* Assets */ = {
			isa = PBXGroup;
			children = (
				7CC3263F1DA7CFC200B6884D /* Assets.xcassets */,
			);
			name = Assets;
			sourceTree = "<group>";
		};
		7CF8280C1DA7B8F600EAE8C8 = {
			isa = PBXGroup;
			children = (
				7CF828171DA7B8F600EAE8C8 /* SpaceMissionReloaded */,
				7CF828321DA7B8F600EAE8C8 /* SpaceMissionReloadedTests */,
				7CF8283D1DA7B8F600EAE8C8 /* SpaceMissionReloadedUITests */,
				7CF828161DA7B8F600EAE8C8 /* Products */,
			);
			sourceTree = "<group>";
		};
		7CF828161DA7B8F600EAE8C8 /* Products */ = {
			isa = PBXGroup;
			children = (
				7CF828151DA7B8F600EAE8C8 /* SpaceMissionReloaded.app */,
				7CF8282F1DA7B8F600EAE8C8 /* SpaceMissionReloadedTests.xctest */,
				7CF8283A1DA7B8F600EAE8C8 /* SpaceMissionReloadedUITests.xctest */,
			);
			name = Products;
			sourceTree = "<group>";
		};
		7CF828171DA7B8F600EAE8C8 /* SpaceMissionReloaded */ = {
			isa = PBXGroup;
			children = (
				7CC326321DA7CF5300B6884D /* GameScene.sks */,
				7CC326251DA7CD7A00B6884D /* AppDelegate.swift */,
				7CC326241DA7CD4E00B6884D /* Scenes */,
				7CC326331DA7CF5300B6884D /* GameViewController.swift */,
				7CC3263D1DA7CF8400B6884D /* Fonts */,
				7CC326411DA7CFCB00B6884D /* Assets */,
				7CC326351DA7CF5300B6884D /* Info.plist */,
				7CC326431DA7D00500B6884D /* LaunchScreen.storyboard */,
				7CC326451DA7D00500B6884D /* Main.storyboard */,
			);
			path = SpaceMissionReloaded;
			sourceTree = "<group>";
		};
		7CF828321DA7B8F600EAE8C8 /* SpaceMissionReloadedTests */ = {
			isa = PBXGroup;
			children = (
				7CF828331DA7B8F600EAE8C8 /* SpaceMissionReloadedTests.swift */,
				7CF828351DA7B8F600EAE8C8 /* Info.plist */,
			);
			path = SpaceMissionReloadedTests;
			sourceTree = "<group>";
		};
		7CF8283D1DA7B8F600EAE8C8 /* SpaceMissionReloadedUITests */ = {
			isa = PBXGroup;
			children = (
				7CF8283E1DA7B8F600EAE8C8 /* SpaceMissionReloadedUITests.swift */,
				7CF828401DA7B8F600EAE8C8 /* Info.plist */,
			);
			path = SpaceMissionReloadedUITests;
			sourceTree = "<group>";
		};
/* End PBXGroup section */

/* Begin PBXNativeTarget section */
		7CF828141DA7B8F600EAE8C8 /* SpaceMissionReloaded */ = {
			isa = PBXNativeTarget;
			buildConfigurationList = 7CF828431DA7B8F600EAE8C8 /* Build configuration list for PBXNativeTarget "SpaceMissionReloaded" */;
			buildPhases = (
				7CF828111DA7B8F600EAE8C8 /* Sources */,
				7CF828121DA7B8F600EAE8C8 /* Frameworks */,
				7CF828131DA7B8F600EAE8C8 /* Resources */,
			);
			buildRules = (
			);
			dependencies = (
			);
			name = SpaceMissionReloaded;
			productName = SpaceMissionReloaded;
			productReference = 7CF828151DA7B8F600EAE8C8 /* SpaceMissionReloaded.app */;
			productType = "com.apple.product-type.application";
		};
		7CF8282E1DA7B8F600EAE8C8 /* SpaceMissionReloadedTests */ = {
			isa = PBXNativeTarget;
			buildConfigurationList = 7CF828461DA7B8F600EAE8C8 /* Build configuration list for PBXNativeTarget "SpaceMissionReloadedTests" */;
			buildPhases = (
				7CF8282B1DA7B8F600EAE8C8 /* Sources */,
				7CF8282C1DA7B8F600EAE8C8 /* Frameworks */,
				7CF8282D1DA7B8F600EAE8C8 /* Resources */,
			);
			buildRules = (
			);
			dependencies = (
				7CF828311DA7B8F600EAE8C8 /* PBXTargetDependency */,
			);
			name = SpaceMissionReloadedTests;
			productName = SpaceMissionReloadedTests;
			productReference = 7CF8282F1DA7B8F600EAE8C8 /* SpaceMissionReloadedTests.xctest */;
			productType = "com.apple.product-type.bundle.unit-test";
		};
		7CF828391DA7B8F600EAE8C8 /* SpaceMissionReloadedUITests */ = {
			isa = PBXNativeTarget;
			buildConfigurationList = 7CF828491DA7B8F600EAE8C8 /* Build configuration list for PBXNativeTarget "SpaceMissionReloadedUITests" */;
			buildPhases = (
				7CF828361DA7B8F600EAE8C8 /* Sources */,
				7CF828371DA7B8F600EAE8C8 /* Frameworks */,
				7CF828381DA7B8F600EAE8C8 /* Resources */,
			);
			buildRules = (
			);
			dependencies = (
				7CF8283C1DA7B8F600EAE8C8 /* PBXTargetDependency */,
			);
			name = SpaceMissionReloadedUITests;
			productName = SpaceMissionReloadedUITests;
			productReference = 7CF8283A1DA7B8F600EAE8C8 /* SpaceMissionReloadedUITests.xctest */;
			productType = "com.apple.product-type.bundle.ui-testing";
		};
/* End PBXNativeTarget section */

/* Begin PBXProject section */
		7CF8280D1DA7B8F600EAE8C8 /* Project object */ = {
			isa = PBXProject;
			attributes = {
				LastSwiftUpdateCheck = 0800;
				LastUpgradeCheck = 0800;
				ORGANIZATIONNAME = "Yannick Klose";
				TargetAttributes = {
					7CF828141DA7B8F600EAE8C8 = {
						CreatedOnToolsVersion = 8.0;
						DevelopmentTeam = H6GA3J2Y97;
						ProvisioningStyle = Automatic;
					};
					7CF8282E1DA7B8F600EAE8C8 = {
						CreatedOnToolsVersion = 8.0;
						DevelopmentTeam = H6GA3J2Y97;
						ProvisioningStyle = Automatic;
						TestTargetID = 7CF828141DA7B8F600EAE8C8;
					};
					7CF828391DA7B8F600EAE8C8 = {
						CreatedOnToolsVersion = 8.0;
						DevelopmentTeam = H6GA3J2Y97;
						ProvisioningStyle = Automatic;
						TestTargetID = 7CF828141DA7B8F600EAE8C8;
					};
				};
			};
			buildConfigurationList = 7CF828101DA7B8F600EAE8C8 /* Build configuration list for PBXProject "SpaceMissionReloaded" */;
			compatibilityVersion = "Xcode 3.2";
			developmentRegion = English;
			hasScannedForEncodings = 0;
			knownRegions = (
				en,
				Base,
			);
			mainGroup = 7CF8280C1DA7B8F600EAE8C8;
			productRefGroup = 7CF828161DA7B8F600EAE8C8 /* Products */;
			projectDirPath = "";
			projectRoot = "";
			targets = (
				7CF828141DA7B8F600EAE8C8 /* SpaceMissionReloaded */,
				7CF8282E1DA7B8F600EAE8C8 /* SpaceMissionReloadedTests */,
				7CF828391DA7B8F600EAE8C8 /* SpaceMissionReloadedUITests */,
			);
		};
/* End PBXProject section */

/* Begin PBXResourcesBuildPhase section */
		7CF828131DA7B8F600EAE8C8 /* Resources */ = {
			isa = PBXResourcesBuildPhase;
			buildActionMask = 2147483647;
			files = (
				7CC3264B1DA7D19A00B6884D /* theBoldFont.ttf in Resources */,
				7CC326381DA7CF5300B6884D /* GameScene.sks in Resources */,
				7CC326401DA7CFC200B6884D /* Assets.xcassets in Resources */,
				7CC326481DA7D00500B6884D /* Main.storyboard in Resources */,
				7CC326471DA7D00500B6884D /* LaunchScreen.storyboard in Resources */,
			);
			runOnlyForDeploymentPostprocessing = 0;
		};
		7CF8282D1DA7B8F600EAE8C8 /* Resources */ = {
			isa = PBXResourcesBuildPhase;
			buildActionMask = 2147483647;
			files = (
			);
			runOnlyForDeploymentPostprocessing = 0;
		};
		7CF828381DA7B8F600EAE8C8 /* Resources */ = {
			isa = PBXResourcesBuildPhase;
			buildActionMask = 2147483647;
			files = (
			);
			runOnlyForDeploymentPostprocessing = 0;
		};
/* End PBXResourcesBuildPhase section */

/* Begin PBXSourcesBuildPhase section */
		7CF828111DA7B8F600EAE8C8 /* Sources */ = {
			isa = PBXSourcesBuildPhase;
			buildActionMask = 2147483647;
			files = (
				7CC3263C1DA7CF5300B6884D /* SpecialThanksCreditsScene.swift in Sources */,
				7CC326391DA7CF5300B6884D /* GameViewController.swift in Sources */,
				7CC3263A1DA7CF5300B6884D /* HighScoreScene.swift in Sources */,
				7CC3262C1DA7CE4400B6884D /* GameScene.swift in Sources */,
				7CC3264A1DA7D03F00B6884D /* BetaScene.swift in Sources */,
				7CC326261DA7CD7A00B6884D /* AppDelegate.swift in Sources */,
				7CC326281DA7CDD000B6884D /* GameModeScene.swift in Sources */,
				7CC3262E1DA7CE9200B6884D /* PauseMenueScene.swift in Sources */,
				7CC326371DA7CF5300B6884D /* GameOverScene.swift in Sources */,
				7CF8284D1DA7B9C300EAE8C8 /* MainMenueScene.swift in Sources */,
			);
			runOnlyForDeploymentPostprocessing = 0;
		};
		7CF8282B1DA7B8F600EAE8C8 /* Sources */ = {
			isa = PBXSourcesBuildPhase;
			buildActionMask = 2147483647;
			files = (
				7CF828341DA7B8F600EAE8C8 /* SpaceMissionReloadedTests.swift in Sources */,
			);
			runOnlyForDeploymentPostprocessing = 0;
		};
		7CF828361DA7B8F600EAE8C8 /* Sources */ = {
			isa = PBXSourcesBuildPhase;
			buildActionMask = 2147483647;
			files = (
				7CF8283F1DA7B8F600EAE8C8 /* SpaceMissionReloadedUITests.swift in Sources */,
			);
			runOnlyForDeploymentPostprocessing = 0;
		};
/* End PBXSourcesBuildPhase section */

/* Begin PBXTargetDependency section */
		7CF828311DA7B8F600EAE8C8 /* PBXTargetDependency */ = {
			isa = PBXTargetDependency;
			target = 7CF828141DA7B8F600EAE8C8 /* SpaceMissionReloaded */;
			targetProxy = 7CF828301DA7B8F600EAE8C8 /* PBXContainerItemProxy */;
		};
		7CF8283C1DA7B8F600EAE8C8 /* PBXTargetDependency */ = {
			isa = PBXTargetDependency;
			target = 7CF828141DA7B8F600EAE8C8 /* SpaceMissionReloaded */;
			targetProxy = 7CF8283B1DA7B8F600EAE8C8 /* PBXContainerItemProxy */;
		};
/* End PBXTargetDependency section */

/* Begin PBXVariantGroup section */
		7CC326431DA7D00500B6884D /* LaunchScreen.storyboard */ = {
			isa = PBXVariantGroup;
			children = (
				7CC326441DA7D00500B6884D /* Base */,
			);
			name = LaunchScreen.storyboard;
			path = Base.lproj;
			sourceTree = "<group>";
		};
		7CC326451DA7D00500B6884D /* Main.storyboard */ = {
			isa = PBXVariantGroup;
			children = (
				7CC326461DA7D00500B6884D /* Base */,
			);
			name = Main.storyboard;
			path = Base.lproj;
			sourceTree = "<group>";
		};
/* End PBXVariantGroup section */

/* Begin XCBuildConfiguration section */
		7CF828411DA7B8F600EAE8C8 /* Debug */ = {
			isa = XCBuildConfiguration;
			buildSettings = {
				ALWAYS_SEARCH_USER_PATHS = NO;
				CLANG_ANALYZER_NONNULL = YES;
				CLANG_CXX_LANGUAGE_STANDARD = "gnu++0x";
				CLANG_CXX_LIBRARY = "libc++";
				CLANG_ENABLE_MODULES = YES;
				CLANG_ENABLE_OBJC_ARC = YES;
				CLANG_WARN_BOOL_CONVERSION = YES;
				CLANG_WARN_CONSTANT_CONVERSION = YES;
				CLANG_WARN_DIRECT_OBJC_ISA_USAGE = YES_ERROR;
				CLANG_WARN_DOCUMENTATION_COMMENTS = YES;
				CLANG_WARN_EMPTY_BODY = YES;
				CLANG_WARN_ENUM_CONVERSION = YES;
				CLANG_WARN_INFINITE_RECURSION = YES;
				CLANG_WARN_INT_CONVERSION = YES;
				CLANG_WARN_OBJC_ROOT_CLASS = YES_ERROR;
				CLANG_WARN_SUSPICIOUS_MOVES = YES;
				CLANG_WARN_UNREACHABLE_CODE = YES;
				CLANG_WARN__DUPLICATE_METHOD_MATCH = YES;
				"CODE_SIGN_IDENTITY[sdk=iphoneos*]" = "iPhone Developer";
				COPY_PHASE_STRIP = NO;
				DEBUG_INFORMATION_FORMAT = dwarf;
				ENABLE_STRICT_OBJC_MSGSEND = YES;
				ENABLE_TESTABILITY = YES;
				GCC_C_LANGUAGE_STANDARD = gnu99;
				GCC_DYNAMIC_NO_PIC = NO;
				GCC_NO_COMMON_BLOCKS = YES;
				GCC_OPTIMIZATION_LEVEL = 0;
				GCC_PREPROCESSOR_DEFINITIONS = (
					"DEBUG=1",
					"$(inherited)",
				);
				GCC_WARN_64_TO_32_BIT_CONVERSION = YES;
				GCC_WARN_ABOUT_RETURN_TYPE = YES_ERROR;
				GCC_WARN_UNDECLARED_SELECTOR = YES;
				GCC_WARN_UNINITIALIZED_AUTOS = YES_AGGRESSIVE;
				GCC_WARN_UNUSED_FUNCTION = YES;
				GCC_WARN_UNUSED_VARIABLE = YES;
				IPHONEOS_DEPLOYMENT_TARGET = 10.0;
				MTL_ENABLE_DEBUG_INFO = YES;
				ONLY_ACTIVE_ARCH = YES;
				SDKROOT = iphoneos;
				SWIFT_ACTIVE_COMPILATION_CONDITIONS = DEBUG;
				SWIFT_OPTIMIZATION_LEVEL = "-Onone";
				TARGETED_DEVICE_FAMILY = "1,2";
			};
			name = Debug;
		};
		7CF828421DA7B8F600EAE8C8 /* Release */ = {
			isa = XCBuildConfiguration;
			buildSettings = {
				ALWAYS_SEARCH_USER_PATHS = NO;
				CLANG_ANALYZER_NONNULL = YES;
				CLANG_CXX_LANGUAGE_STANDARD = "gnu++0x";
				CLANG_CXX_LIBRARY = "libc++";
				CLANG_ENABLE_MODULES = YES;
				CLANG_ENABLE_OBJC_ARC = YES;
				CLANG_WARN_BOOL_CONVERSION = YES;
				CLANG_WARN_CONSTANT_CONVERSION = YES;
				CLANG_WARN_DIRECT_OBJC_ISA_USAGE = YES_ERROR;
				CLANG_WARN_DOCUMENTATION_COMMENTS = YES;
				CLANG_WARN_EMPTY_BODY = YES;
				CLANG_WARN_ENUM_CONVERSION = YES;
				CLANG_WARN_INFINITE_RECURSION = YES;
				CLANG_WARN_INT_CONVERSION = YES;
				CLANG_WARN_OBJC_ROOT_CLASS = YES_ERROR;
				CLANG_WARN_SUSPICIOUS_MOVES = YES;
				CLANG_WARN_UNREACHABLE_CODE = YES;
				CLANG_WARN__DUPLICATE_METHOD_MATCH = YES;
				"CODE_SIGN_IDENTITY[sdk=iphoneos*]" = "iPhone Developer";
				COPY_PHASE_STRIP = NO;
				DEBUG_INFORMATION_FORMAT = "dwarf-with-dsym";
				ENABLE_NS_ASSERTIONS = NO;
				ENABLE_STRICT_OBJC_MSGSEND = YES;
				GCC_C_LANGUAGE_STANDARD = gnu99;
				GCC_NO_COMMON_BLOCKS = YES;
				GCC_WARN_64_TO_32_BIT_CONVERSION = YES;
				GCC_WARN_ABOUT_RETURN_TYPE = YES_ERROR;
				GCC_WARN_UNDECLARED_SELECTOR = YES;
				GCC_WARN_UNINITIALIZED_AUTOS = YES_AGGRESSIVE;
				GCC_WARN_UNUSED_FUNCTION = YES;
				GCC_WARN_UNUSED_VARIABLE = YES;
				IPHONEOS_DEPLOYMENT_TARGET = 10.0;
				MTL_ENABLE_DEBUG_INFO = NO;
				SDKROOT = iphoneos;
				SWIFT_OPTIMIZATION_LEVEL = "-Owholemodule";
				TARGETED_DEVICE_FAMILY = "1,2";
				VALIDATE_PRODUCT = YES;
			};
			name = Release;
		};
		7CF828441DA7B8F600EAE8C8 /* Debug */ = {
			isa = XCBuildConfiguration;
			buildSettings = {
				ASSETCATALOG_COMPILER_APPICON_NAME = AppIcon;
				"CODE_SIGN_IDENTITY[sdk=iphoneos*]" = "iPhone Developer";
				DEVELOPMENT_TEAM = H6GA3J2Y97;
				INFOPLIST_FILE = SpaceMissionReloaded/Info.plist;
				LD_RUNPATH_SEARCH_PATHS = "$(inherited) @executable_path/Frameworks";
				PRODUCT_BUNDLE_IDENTIFIER = de.yannick.SpaceMissionReloaded;
				PRODUCT_NAME = "$(TARGET_NAME)";
				SWIFT_VERSION = 3.0;
			};
			name = Debug;
		};
		7CF828451DA7B8F600EAE8C8 /* Release */ = {
			isa = XCBuildConfiguration;
			buildSettings = {
				ASSETCATALOG_COMPILER_APPICON_NAME = AppIcon;
				"CODE_SIGN_IDENTITY[sdk=iphoneos*]" = "iPhone Developer";
				DEVELOPMENT_TEAM = H6GA3J2Y97;
				INFOPLIST_FILE = SpaceMissionReloaded/Info.plist;
				LD_RUNPATH_SEARCH_PATHS = "$(inherited) @executable_path/Frameworks";
				PRODUCT_BUNDLE_IDENTIFIER = de.yannick.SpaceMissionReloaded;
				PRODUCT_NAME = "$(TARGET_NAME)";
				SWIFT_VERSION = 3.0;
			};
			name = Release;
		};
		7CF828471DA7B8F600EAE8C8 /* Debug */ = {
			isa = XCBuildConfiguration;
			buildSettings = {
				ALWAYS_EMBED_SWIFT_STANDARD_LIBRARIES = YES;
				BUNDLE_LOADER = "$(TEST_HOST)";
				DEVELOPMENT_TEAM = H6GA3J2Y97;
				INFOPLIST_FILE = SpaceMissionReloadedTests/Info.plist;
				LD_RUNPATH_SEARCH_PATHS = "$(inherited) @executable_path/Frameworks @loader_path/Frameworks";
				PRODUCT_BUNDLE_IDENTIFIER = de.yannick.SpaceMissionReloadedTests;
				PRODUCT_NAME = "$(TARGET_NAME)";
				SWIFT_VERSION = 3.0;
				TEST_HOST = "$(BUILT_PRODUCTS_DIR)/SpaceMissionReloaded.app/SpaceMissionReloaded";
			};
			name = Debug;
		};
		7CF828481DA7B8F600EAE8C8 /* Release */ = {
			isa = XCBuildConfiguration;
			buildSettings = {
				ALWAYS_EMBED_SWIFT_STANDARD_LIBRARIES = YES;
				BUNDLE_LOADER = "$(TEST_HOST)";
				DEVELOPMENT_TEAM = H6GA3J2Y97;
				INFOPLIST_FILE = SpaceMissionReloadedTests/Info.plist;
				LD_RUNPATH_SEARCH_PATHS = "$(inherited) @executable_path/Frameworks @loader_path/Frameworks";
				PRODUCT_BUNDLE_IDENTIFIER = de.yannick.SpaceMissionReloadedTests;
				PRODUCT_NAME = "$(TARGET_NAME)";
				SWIFT_VERSION = 3.0;
				TEST_HOST = "$(BUILT_PRODUCTS_DIR)/SpaceMissionReloaded.app/SpaceMissionReloaded";
			};
			name = Release;
		};
		7CF8284A1DA7B8F600EAE8C8 /* Debug */ = {
			isa = XCBuildConfiguration;
			buildSettings = {
				ALWAYS_EMBED_SWIFT_STANDARD_LIBRARIES = YES;
				DEVELOPMENT_TEAM = H6GA3J2Y97;
				INFOPLIST_FILE = SpaceMissionReloadedUITests/Info.plist;
				LD_RUNPATH_SEARCH_PATHS = "$(inherited) @executable_path/Frameworks @loader_path/Frameworks";
				PRODUCT_BUNDLE_IDENTIFIER = de.yannick.SpaceMissionReloadedUITests;
				PRODUCT_NAME = "$(TARGET_NAME)";
				SWIFT_VERSION = 3.0;
				TEST_TARGET_NAME = SpaceMissionReloaded;
			};
			name = Debug;
		};
		7CF8284B1DA7B8F600EAE8C8 /* Release */ = {
			isa = XCBuildConfiguration;
			buildSettings = {
				ALWAYS_EMBED_SWIFT_STANDARD_LIBRARIES = YES;
				DEVELOPMENT_TEAM = H6GA3J2Y97;
				INFOPLIST_FILE = SpaceMissionReloadedUITests/Info.plist;
				LD_RUNPATH_SEARCH_PATHS = "$(inherited) @executable_path/Frameworks @loader_path/Frameworks";
				PRODUCT_BUNDLE_IDENTIFIER = de.yannick.SpaceMissionReloadedUITests;
				PRODUCT_NAME = "$(TARGET_NAME)";
				SWIFT_VERSION = 3.0;
				TEST_TARGET_NAME = SpaceMissionReloaded;
			};
			name = Release;
		};
/* End XCBuildConfiguration section */

/* Begin XCConfigurationList section */
		7CF828101DA7B8F600EAE8C8 /* Build configuration list for PBXProject "SpaceMissionReloaded" */ = {
			isa = XCConfigurationList;
			buildConfigurations = (
				7CF828411DA7B8F600EAE8C8 /* Debug */,
				7CF828421DA7B8F600EAE8C8 /* Release */,
			);
			defaultConfigurationIsVisible = 0;
			defaultConfigurationName = Release;
		};
		7CF828431DA7B8F600EAE8C8 /* Build configuration list for PBXNativeTarget "SpaceMissionReloaded" */ = {
			isa = XCConfigurationList;
			buildConfigurations = (
				7CF828441DA7B8F600EAE8C8 /* Debug */,
				7CF828451DA7B8F600EAE8C8 /* Release */,
			);
			defaultConfigurationIsVisible = 0;
			defaultConfigurationName = Release;
		};
		7CF828461DA7B8F600EAE8C8 /* Build configuration list for PBXNativeTarget "SpaceMissionReloadedTests" */ = {
			isa = XCConfigurationList;
			buildConfigurations = (
				7CF828471DA7B8F600EAE8C8 /* Debug */,
				7CF828481DA7B8F600EAE8C8 /* Release */,
			);
			defaultConfigurationIsVisible = 0;
			defaultConfigurationName = Release;
		};
		7CF828491DA7B8F600EAE8C8 /* Build configuration list for PBXNativeTarget "SpaceMissionReloadedUITests" */ = {
			isa = XCConfigurationList;
			buildConfigurations = (
				7CF8284A1DA7B8F600EAE8C8 /* Debug */,
				7CF8284B1DA7B8F600EAE8C8 /* Release */,
			);
			defaultConfigurationIsVisible = 0;
			defaultConfigurationName = Release;
		};
/* End XCConfigurationList section */
	};
	rootObject = 7CF8280D1DA7B8F600EAE8C8 /* Project object */;
}
